
Microsoft Visual Studio Solution File, Format Version 12.00
# Visual Studio 2013
VisualStudioVersion = 12.0.30501.0
MinimumVisualStudioVersion = 10.0.40219.1
Project("{FAE04EC0-301F-11D3-BF4B-00C04F79EFBC}") = "FadingWorldsClient", "FadingWorldsClient\FadingWorldsClient.csproj", "{4B4CA3DF-DA7D-4D5B-BA5E-D81AC9DFEEB9}"
EndProject
Project("{FAE04EC0-301F-11D3-BF4B-00C04F79EFBC}") = "fwlib", "fwlib\fwlib.csproj", "{2B12302A-FF92-480A-9F7F-9E5E5F5903C9}"
EndProject
Project("{FAE04EC0-301F-11D3-BF4B-00C04F79EFBC}") = "FadingWorldsServer", "FadingWorldsServer\FadingWorldsServer.csproj", "{E4AAC07A-0081-4919-8D32-1F1300E049F0}"
EndProject
Project("{FAE04EC0-301F-11D3-BF4B-00C04F79EFBC}") = "FadingWorldsContent", "FadingWorldsContent\FadingWorldsContent\FadingWorldsContent.csproj", "{55E0B9C1-DA8A-4FD9-BBF0-E5233250F335}"
EndProject
Project("{FAE04EC0-301F-11D3-BF4B-00C04F79EFBC}") = "FadingWorldsContentContent", "FadingWorldsContent\FadingWorldsContentContent\FadingWorldsContentContent.contentproj", "{B2E03E54-BBFD-4C2D-993F-606084DA264E}"
EndProject
Global
	GlobalSection(SolutionConfigurationPlatforms) = preSolution
		Android|Any CPU = Android|Any CPU
		Android|Mixed Platforms = Android|Mixed Platforms
		Android|x86 = Android|x86
		Debug|Any CPU = Debug|Any CPU
		Debug|Mixed Platforms = Debug|Mixed Platforms
		Debug|x86 = Debug|x86
		iOS|Any CPU = iOS|Any CPU
		iOS|Mixed Platforms = iOS|Mixed Platforms
		iOS|x86 = iOS|x86
		Linux|Any CPU = Linux|Any CPU
		Linux|Mixed Platforms = Linux|Mixed Platforms
		Linux|x86 = Linux|x86
		OSX|Any CPU = OSX|Any CPU
		OSX|Mixed Platforms = OSX|Mixed Platforms
		OSX|x86 = OSX|x86
		PSM|Any CPU = PSM|Any CPU
		PSM|Mixed Platforms = PSM|Mixed Platforms
		PSM|x86 = PSM|x86
		Release|Any CPU = Release|Any CPU
		Release|Mixed Platforms = Release|Mixed Platforms
		Release|x86 = Release|x86
		Windows|Any CPU = Windows|Any CPU
		Windows|Mixed Platforms = Windows|Mixed Platforms
		Windows|x86 = Windows|x86
		Windows8|Any CPU = Windows8|Any CPU
		Windows8|Mixed Platforms = Windows8|Mixed Platforms
		Windows8|x86 = Windows8|x86
	EndGlobalSection
	GlobalSection(ProjectConfigurationPlatforms) = postSolution
		{4B4CA3DF-DA7D-4D5B-BA5E-D81AC9DFEEB9}.Android|Any CPU.ActiveCfg = Release|x86
		{4B4CA3DF-DA7D-4D5B-BA5E-D81AC9DFEEB9}.Android|Mixed Platforms.ActiveCfg = Release|x86
		{4B4CA3DF-DA7D-4D5B-BA5E-D81AC9DFEEB9}.Android|Mixed Platforms.Build.0 = Release|x86
		{4B4CA3DF-DA7D-4D5B-BA5E-D81AC9DFEEB9}.Android|x86.ActiveCfg = Release|x86
		{4B4CA3DF-DA7D-4D5B-BA5E-D81AC9DFEEB9}.Android|x86.Build.0 = Release|x86
		{4B4CA3DF-DA7D-4D5B-BA5E-D81AC9DFEEB9}.Debug|Any CPU.ActiveCfg = Debug|x86
		{4B4CA3DF-DA7D-4D5B-BA5E-D81AC9DFEEB9}.Debug|Mixed Platforms.ActiveCfg = Debug|x86
		{4B4CA3DF-DA7D-4D5B-BA5E-D81AC9DFEEB9}.Debug|Mixed Platforms.Build.0 = Debug|x86
		{4B4CA3DF-DA7D-4D5B-BA5E-D81AC9DFEEB9}.Debug|x86.ActiveCfg = Debug|x86
		{4B4CA3DF-DA7D-4D5B-BA5E-D81AC9DFEEB9}.Debug|x86.Build.0 = Debug|x86
		{4B4CA3DF-DA7D-4D5B-BA5E-D81AC9DFEEB9}.iOS|Any CPU.ActiveCfg = Release|x86
		{4B4CA3DF-DA7D-4D5B-BA5E-D81AC9DFEEB9}.iOS|Mixed Platforms.ActiveCfg = Release|x86
		{4B4CA3DF-DA7D-4D5B-BA5E-D81AC9DFEEB9}.iOS|Mixed Platforms.Build.0 = Release|x86
		{4B4CA3DF-DA7D-4D5B-BA5E-D81AC9DFEEB9}.iOS|x86.ActiveCfg = Release|x86
		{4B4CA3DF-DA7D-4D5B-BA5E-D81AC9DFEEB9}.iOS|x86.Build.0 = Release|x86
		{4B4CA3DF-DA7D-4D5B-BA5E-D81AC9DFEEB9}.Linux|Any CPU.ActiveCfg = Release|x86
		{4B4CA3DF-DA7D-4D5B-BA5E-D81AC9DFEEB9}.Linux|Mixed Platforms.ActiveCfg = Release|x86
		{4B4CA3DF-DA7D-4D5B-BA5E-D81AC9DFEEB9}.Linux|Mixed Platforms.Build.0 = Release|x86
		{4B4CA3DF-DA7D-4D5B-BA5E-D81AC9DFEEB9}.Linux|x86.ActiveCfg = Release|x86
		{4B4CA3DF-DA7D-4D5B-BA5E-D81AC9DFEEB9}.Linux|x86.Build.0 = Release|x86
		{4B4CA3DF-DA7D-4D5B-BA5E-D81AC9DFEEB9}.OSX|Any CPU.ActiveCfg = Release|x86
		{4B4CA3DF-DA7D-4D5B-BA5E-D81AC9DFEEB9}.OSX|Mixed Platforms.ActiveCfg = Release|x86
		{4B4CA3DF-DA7D-4D5B-BA5E-D81AC9DFEEB9}.OSX|Mixed Platforms.Build.0 = Release|x86
		{4B4CA3DF-DA7D-4D5B-BA5E-D81AC9DFEEB9}.OSX|x86.ActiveCfg = Release|x86
		{4B4CA3DF-DA7D-4D5B-BA5E-D81AC9DFEEB9}.OSX|x86.Build.0 = Release|x86
		{4B4CA3DF-DA7D-4D5B-BA5E-D81AC9DFEEB9}.PSM|Any CPU.ActiveCfg = Release|x86
		{4B4CA3DF-DA7D-4D5B-BA5E-D81AC9DFEEB9}.PSM|Mixed Platforms.ActiveCfg = Release|x86
		{4B4CA3DF-DA7D-4D5B-BA5E-D81AC9DFEEB9}.PSM|Mixed Platforms.Build.0 = Release|x86
		{4B4CA3DF-DA7D-4D5B-BA5E-D81AC9DFEEB9}.PSM|x86.ActiveCfg = Release|x86
		{4B4CA3DF-DA7D-4D5B-BA5E-D81AC9DFEEB9}.PSM|x86.Build.0 = Release|x86
		{4B4CA3DF-DA7D-4D5B-BA5E-D81AC9DFEEB9}.Release|Any CPU.ActiveCfg = Release|x86
		{4B4CA3DF-DA7D-4D5B-BA5E-D81AC9DFEEB9}.Release|Mixed Platforms.ActiveCfg = Release|x86
		{4B4CA3DF-DA7D-4D5B-BA5E-D81AC9DFEEB9}.Release|Mixed Platforms.Build.0 = Release|x86
		{4B4CA3DF-DA7D-4D5B-BA5E-D81AC9DFEEB9}.Release|x86.ActiveCfg = Release|x86
		{4B4CA3DF-DA7D-4D5B-BA5E-D81AC9DFEEB9}.Release|x86.Build.0 = Release|x86
		{4B4CA3DF-DA7D-4D5B-BA5E-D81AC9DFEEB9}.Windows|Any CPU.ActiveCfg = Release|x86
		{4B4CA3DF-DA7D-4D5B-BA5E-D81AC9DFEEB9}.Windows|Mixed Platforms.ActiveCfg = Release|x86
		{4B4CA3DF-DA7D-4D5B-BA5E-D81AC9DFEEB9}.Windows|Mixed Platforms.Build.0 = Release|x86
		{4B4CA3DF-DA7D-4D5B-BA5E-D81AC9DFEEB9}.Windows|x86.ActiveCfg = Release|x86
		{4B4CA3DF-DA7D-4D5B-BA5E-D81AC9DFEEB9}.Windows|x86.Build.0 = Release|x86
		{4B4CA3DF-DA7D-4D5B-BA5E-D81AC9DFEEB9}.Windows8|Any CPU.ActiveCfg = Release|x86
		{4B4CA3DF-DA7D-4D5B-BA5E-D81AC9DFEEB9}.Windows8|Mixed Platforms.ActiveCfg = Release|x86
		{4B4CA3DF-DA7D-4D5B-BA5E-D81AC9DFEEB9}.Windows8|Mixed Platforms.Build.0 = Release|x86
		{4B4CA3DF-DA7D-4D5B-BA5E-D81AC9DFEEB9}.Windows8|x86.ActiveCfg = Release|x86
		{4B4CA3DF-DA7D-4D5B-BA5E-D81AC9DFEEB9}.Windows8|x86.Build.0 = Release|x86
		{2B12302A-FF92-480A-9F7F-9E5E5F5903C9}.Android|Any CPU.ActiveCfg = Release|Any CPU
		{2B12302A-FF92-480A-9F7F-9E5E5F5903C9}.Android|Any CPU.Build.0 = Release|Any CPU
		{2B12302A-FF92-480A-9F7F-9E5E5F5903C9}.Android|Mixed Platforms.ActiveCfg = Release|Any CPU
		{2B12302A-FF92-480A-9F7F-9E5E5F5903C9}.Android|Mixed Platforms.Build.0 = Release|Any CPU
		{2B12302A-FF92-480A-9F7F-9E5E5F5903C9}.Android|x86.ActiveCfg = Release|Any CPU
		{2B12302A-FF92-480A-9F7F-9E5E5F5903C9}.Debug|Any CPU.ActiveCfg = Debug|Any CPU
		{2B12302A-FF92-480A-9F7F-9E5E5F5903C9}.Debug|Any CPU.Build.0 = Debug|Any CPU
		{2B12302A-FF92-480A-9F7F-9E5E5F5903C9}.Debug|Mixed Platforms.ActiveCfg = Debug|Any CPU
		{2B12302A-FF92-480A-9F7F-9E5E5F5903C9}.Debug|Mixed Platforms.Build.0 = Debug|Any CPU
		{2B12302A-FF92-480A-9F7F-9E5E5F5903C9}.Debug|x86.ActiveCfg = Debug|Any CPU
		{2B12302A-FF92-480A-9F7F-9E5E5F5903C9}.iOS|Any CPU.ActiveCfg = Release|Any CPU
		{2B12302A-FF92-480A-9F7F-9E5E5F5903C9}.iOS|Any CPU.Build.0 = Release|Any CPU
		{2B12302A-FF92-480A-9F7F-9E5E5F5903C9}.iOS|Mixed Platforms.ActiveCfg = Release|Any CPU
		{2B12302A-FF92-480A-9F7F-9E5E5F5903C9}.iOS|Mixed Platforms.Build.0 = Release|Any CPU
		{2B12302A-FF92-480A-9F7F-9E5E5F5903C9}.iOS|x86.ActiveCfg = Release|Any CPU
		{2B12302A-FF92-480A-9F7F-9E5E5F5903C9}.Linux|Any CPU.ActiveCfg = Release|Any CPU
		{2B12302A-FF92-480A-9F7F-9E5E5F5903C9}.Linux|Any CPU.Build.0 = Release|Any CPU
		{2B12302A-FF92-480A-9F7F-9E5E5F5903C9}.Linux|Mixed Platforms.ActiveCfg = Release|Any CPU
		{2B12302A-FF92-480A-9F7F-9E5E5F5903C9}.Linux|Mixed Platforms.Build.0 = Release|Any CPU
		{2B12302A-FF92-480A-9F7F-9E5E5F5903C9}.Linux|x86.ActiveCfg = Release|Any CPU
		{2B12302A-FF92-480A-9F7F-9E5E5F5903C9}.OSX|Any CPU.ActiveCfg = Release|Any CPU
		{2B12302A-FF92-480A-9F7F-9E5E5F5903C9}.OSX|Any CPU.Build.0 = Release|Any CPU
		{2B12302A-FF92-480A-9F7F-9E5E5F5903C9}.OSX|Mixed Platforms.ActiveCfg = Release|Any CPU
		{2B12302A-FF92-480A-9F7F-9E5E5F5903C9}.OSX|Mixed Platforms.Build.0 = Release|Any CPU
		{2B12302A-FF92-480A-9F7F-9E5E5F5903C9}.OSX|x86.ActiveCfg = Release|Any CPU
		{2B12302A-FF92-480A-9F7F-9E5E5F5903C9}.PSM|Any CPU.ActiveCfg = Release|Any CPU
		{2B12302A-FF92-480A-9F7F-9E5E5F5903C9}.PSM|Any CPU.Build.0 = Release|Any CPU
		{2B12302A-FF92-480A-9F7F-9E5E5F5903C9}.PSM|Mixed Platforms.ActiveCfg = Release|Any CPU
		{2B12302A-FF92-480A-9F7F-9E5E5F5903C9}.PSM|Mixed Platforms.Build.0 = Release|Any CPU
		{2B12302A-FF92-480A-9F7F-9E5E5F5903C9}.PSM|x86.ActiveCfg = Release|Any CPU
		{2B12302A-FF92-480A-9F7F-9E5E5F5903C9}.Release|Any CPU.ActiveCfg = Release|Any CPU
		{2B12302A-FF92-480A-9F7F-9E5E5F5903C9}.Release|Any CPU.Build.0 = Release|Any CPU
		{2B12302A-FF92-480A-9F7F-9E5E5F5903C9}.Release|Mixed Platforms.ActiveCfg = Release|Any CPU
		{2B12302A-FF92-480A-9F7F-9E5E5F5903C9}.Release|Mixed Platforms.Build.0 = Release|Any CPU
		{2B12302A-FF92-480A-9F7F-9E5E5F5903C9}.Release|x86.ActiveCfg = Release|Any CPU
		{2B12302A-FF92-480A-9F7F-9E5E5F5903C9}.Windows|Any CPU.ActiveCfg = Release|Any CPU
		{2B12302A-FF92-480A-9F7F-9E5E5F5903C9}.Windows|Any CPU.Build.0 = Release|Any CPU
		{2B12302A-FF92-480A-9F7F-9E5E5F5903C9}.Windows|Mixed Platforms.ActiveCfg = Release|Any CPU
		{2B12302A-FF92-480A-9F7F-9E5E5F5903C9}.Windows|Mixed Platforms.Build.0 = Release|Any CPU
		{2B12302A-FF92-480A-9F7F-9E5E5F5903C9}.Windows|x86.ActiveCfg = Release|Any CPU
		{2B12302A-FF92-480A-9F7F-9E5E5F5903C9}.Windows8|Any CPU.ActiveCfg = Release|Any CPU
		{2B12302A-FF92-480A-9F7F-9E5E5F5903C9}.Windows8|Any CPU.Build.0 = Release|Any CPU
		{2B12302A-FF92-480A-9F7F-9E5E5F5903C9}.Windows8|Mixed Platforms.ActiveCfg = Release|Any CPU
		{2B12302A-FF92-480A-9F7F-9E5E5F5903C9}.Windows8|Mixed Platforms.Build.0 = Release|Any CPU
		{2B12302A-FF92-480A-9F7F-9E5E5F5903C9}.Windows8|x86.ActiveCfg = Release|Any CPU
		{E4AAC07A-0081-4919-8D32-1F1300E049F0}.Android|Any CPU.ActiveCfg = Release|Any CPU
		{E4AAC07A-0081-4919-8D32-1F1300E049F0}.Android|Any CPU.Build.0 = Release|Any CPU
		{E4AAC07A-0081-4919-8D32-1F1300E049F0}.Android|Mixed Platforms.ActiveCfg = Release|Any CPU
		{E4AAC07A-0081-4919-8D32-1F1300E049F0}.Android|Mixed Platforms.Build.0 = Release|Any CPU
		{E4AAC07A-0081-4919-8D32-1F1300E049F0}.Android|x86.ActiveCfg = Release|Any CPU
		{E4AAC07A-0081-4919-8D32-1F1300E049F0}.Debug|Any CPU.ActiveCfg = Debug|Any CPU
		{E4AAC07A-0081-4919-8D32-1F1300E049F0}.Debug|Any CPU.Build.0 = Debug|Any CPU
		{E4AAC07A-0081-4919-8D32-1F1300E049F0}.Debug|Mixed Platforms.ActiveCfg = Debug|Any CPU
		{E4AAC07A-0081-4919-8D32-1F1300E049F0}.Debug|Mixed Platforms.Build.0 = Debug|Any CPU
		{E4AAC07A-0081-4919-8D32-1F1300E049F0}.Debug|x86.ActiveCfg = Debug|Any CPU
		{E4AAC07A-0081-4919-8D32-1F1300E049F0}.iOS|Any CPU.ActiveCfg = Release|Any CPU
		{E4AAC07A-0081-4919-8D32-1F1300E049F0}.iOS|Any CPU.Build.0 = Release|Any CPU
		{E4AAC07A-0081-4919-8D32-1F1300E049F0}.iOS|Mixed Platforms.ActiveCfg = Release|Any CPU
		{E4AAC07A-0081-4919-8D32-1F1300E049F0}.iOS|Mixed Platforms.Build.0 = Release|Any CPU
		{E4AAC07A-0081-4919-8D32-1F1300E049F0}.iOS|x86.ActiveCfg = Release|Any CPU
		{E4AAC07A-0081-4919-8D32-1F1300E049F0}.Linux|Any CPU.ActiveCfg = Release|Any CPU
		{E4AAC07A-0081-4919-8D32-1F1300E049F0}.Linux|Any CPU.Build.0 = Release|Any CPU
		{E4AAC07A-0081-4919-8D32-1F1300E049F0}.Linux|Mixed Platforms.ActiveCfg = Release|Any CPU
		{E4AAC07A-0081-4919-8D32-1F1300E049F0}.Linux|Mixed Platforms.Build.0 = Release|Any CPU
		{E4AAC07A-0081-4919-8D32-1F1300E049F0}.Linux|x86.ActiveCfg = Release|Any CPU
		{E4AAC07A-0081-4919-8D32-1F1300E049F0}.OSX|Any CPU.ActiveCfg = Release|Any CPU
		{E4AAC07A-0081-4919-8D32-1F1300E049F0}.OSX|Any CPU.Build.0 = Release|Any CPU
		{E4AAC07A-0081-4919-8D32-1F1300E049F0}.OSX|Mixed Platforms.ActiveCfg = Release|Any CPU
		{E4AAC07A-0081-4919-8D32-1F1300E049F0}.OSX|Mixed Platforms.Build.0 = Release|Any CPU
		{E4AAC07A-0081-4919-8D32-1F1300E049F0}.OSX|x86.ActiveCfg = Release|Any CPU
		{E4AAC07A-0081-4919-8D32-1F1300E049F0}.PSM|Any CPU.ActiveCfg = Release|Any CPU
		{E4AAC07A-0081-4919-8D32-1F1300E049F0}.PSM|Any CPU.Build.0 = Release|Any CPU
		{E4AAC07A-0081-4919-8D32-1F1300E049F0}.PSM|Mixed Platforms.ActiveCfg = Release|Any CPU
		{E4AAC07A-0081-4919-8D32-1F1300E049F0}.PSM|Mixed Platforms.Build.0 = Release|Any CPU
		{E4AAC07A-0081-4919-8D32-1F1300E049F0}.PSM|x86.ActiveCfg = Release|Any CPU
		{E4AAC07A-0081-4919-8D32-1F1300E049F0}.Release|Any CPU.ActiveCfg = Release|Any CPU
		{E4AAC07A-0081-4919-8D32-1F1300E049F0}.Release|Any CPU.Build.0 = Release|Any CPU
		{E4AAC07A-0081-4919-8D32-1F1300E049F0}.Release|Mixed Platforms.ActiveCfg = Release|Any CPU
		{E4AAC07A-0081-4919-8D32-1F1300E049F0}.Release|Mixed Platforms.Build.0 = Release|Any CPU
		{E4AAC07A-0081-4919-8D32-1F1300E049F0}.Release|x86.ActiveCfg = Release|Any CPU
		{E4AAC07A-0081-4919-8D32-1F1300E049F0}.Windows|Any CPU.ActiveCfg = Release|Any CPU
		{E4AAC07A-0081-4919-8D32-1F1300E049F0}.Windows|Any CPU.Build.0 = Release|Any CPU
		{E4AAC07A-0081-4919-8D32-1F1300E049F0}.Windows|Mixed Platforms.ActiveCfg = Release|Any CPU
		{E4AAC07A-0081-4919-8D32-1F1300E049F0}.Windows|Mixed Platforms.Build.0 = Release|Any CPU
		{E4AAC07A-0081-4919-8D32-1F1300E049F0}.Windows|x86.ActiveCfg = Release|Any CPU
		{E4AAC07A-0081-4919-8D32-1F1300E049F0}.Windows8|Any CPU.ActiveCfg = Release|Any CPU
		{E4AAC07A-0081-4919-8D32-1F1300E049F0}.Windows8|Any CPU.Build.0 = Release|Any CPU
		{E4AAC07A-0081-4919-8D32-1F1300E049F0}.Windows8|Mixed Platforms.ActiveCfg = Release|Any CPU
		{E4AAC07A-0081-4919-8D32-1F1300E049F0}.Windows8|Mixed Platforms.Build.0 = Release|Any CPU
		{E4AAC07A-0081-4919-8D32-1F1300E049F0}.Windows8|x86.ActiveCfg = Release|Any CPU
		{55E0B9C1-DA8A-4FD9-BBF0-E5233250F335}.Android|Any CPU.ActiveCfg = Android|Any CPU
		{55E0B9C1-DA8A-4FD9-BBF0-E5233250F335}.Android|Any CPU.Build.0 = Android|Any CPU
		{55E0B9C1-DA8A-4FD9-BBF0-E5233250F335}.Android|Mixed Platforms.ActiveCfg = Android|Any CPU
		{55E0B9C1-DA8A-4FD9-BBF0-E5233250F335}.Android|Mixed Platforms.Build.0 = Android|Any CPU
		{55E0B9C1-DA8A-4FD9-BBF0-E5233250F335}.Android|x86.ActiveCfg = Android|Any CPU
		{55E0B9C1-DA8A-4FD9-BBF0-E5233250F335}.Debug|Any CPU.ActiveCfg = PSM|Any CPU
		{55E0B9C1-DA8A-4FD9-BBF0-E5233250F335}.Debug|Any CPU.Build.0 = PSM|Any CPU
		{55E0B9C1-DA8A-4FD9-BBF0-E5233250F335}.Debug|Mixed Platforms.ActiveCfg = PSM|Any CPU
		{55E0B9C1-DA8A-4FD9-BBF0-E5233250F335}.Debug|Mixed Platforms.Build.0 = PSM|Any CPU
		{55E0B9C1-DA8A-4FD9-BBF0-E5233250F335}.Debug|x86.ActiveCfg = PSM|Any CPU
		{55E0B9C1-DA8A-4FD9-BBF0-E5233250F335}.iOS|Any CPU.ActiveCfg = iOS|Any CPU
		{55E0B9C1-DA8A-4FD9-BBF0-E5233250F335}.iOS|Any CPU.Build.0 = iOS|Any CPU
		{55E0B9C1-DA8A-4FD9-BBF0-E5233250F335}.iOS|Mixed Platforms.ActiveCfg = iOS|Any CPU
		{55E0B9C1-DA8A-4FD9-BBF0-E5233250F335}.iOS|Mixed Platforms.Build.0 = iOS|Any CPU
		{55E0B9C1-DA8A-4FD9-BBF0-E5233250F335}.iOS|x86.ActiveCfg = iOS|Any CPU
		{55E0B9C1-DA8A-4FD9-BBF0-E5233250F335}.Linux|Any CPU.ActiveCfg = Linux|Any CPU
		{55E0B9C1-DA8A-4FD9-BBF0-E5233250F335}.Linux|Any CPU.Build.0 = Linux|Any CPU
		{55E0B9C1-DA8A-4FD9-BBF0-E5233250F335}.Linux|Mixed Platforms.ActiveCfg = Linux|Any CPU
		{55E0B9C1-DA8A-4FD9-BBF0-E5233250F335}.Linux|Mixed Platforms.Build.0 = Linux|Any CPU
		{55E0B9C1-DA8A-4FD9-BBF0-E5233250F335}.Linux|x86.ActiveCfg = Linux|Any CPU
		{55E0B9C1-DA8A-4FD9-BBF0-E5233250F335}.OSX|Any CPU.ActiveCfg = OSX|Any CPU
		{55E0B9C1-DA8A-4FD9-BBF0-E5233250F335}.OSX|Any CPU.Build.0 = OSX|Any CPU
		{55E0B9C1-DA8A-4FD9-BBF0-E5233250F335}.OSX|Mixed Platforms.ActiveCfg = OSX|Any CPU
		{55E0B9C1-DA8A-4FD9-BBF0-E5233250F335}.OSX|Mixed Platforms.Build.0 = OSX|Any CPU
		{55E0B9C1-DA8A-4FD9-BBF0-E5233250F335}.OSX|x86.ActiveCfg = OSX|Any CPU
		{55E0B9C1-DA8A-4FD9-BBF0-E5233250F335}.PSM|Any CPU.ActiveCfg = PSM|Any CPU
		{55E0B9C1-DA8A-4FD9-BBF0-E5233250F335}.PSM|Any CPU.Build.0 = PSM|Any CPU
		{55E0B9C1-DA8A-4FD9-BBF0-E5233250F335}.PSM|Mixed Platforms.ActiveCfg = PSM|Any CPU
		{55E0B9C1-DA8A-4FD9-BBF0-E5233250F335}.PSM|Mixed Platforms.Build.0 = PSM|Any CPU
		{55E0B9C1-DA8A-4FD9-BBF0-E5233250F335}.PSM|x86.ActiveCfg = PSM|Any CPU
		{55E0B9C1-DA8A-4FD9-BBF0-E5233250F335}.Release|Any CPU.ActiveCfg = PSM|Any CPU
		{55E0B9C1-DA8A-4FD9-BBF0-E5233250F335}.Release|Any CPU.Build.0 = PSM|Any CPU
		{55E0B9C1-DA8A-4FD9-BBF0-E5233250F335}.Release|Mixed Platforms.ActiveCfg = PSM|Any CPU
		{55E0B9C1-DA8A-4FD9-BBF0-E5233250F335}.Release|Mixed Platforms.Build.0 = PSM|Any CPU
		{55E0B9C1-DA8A-4FD9-BBF0-E5233250F335}.Release|x86.ActiveCfg = PSM|Any CPU
		{55E0B9C1-DA8A-4FD9-BBF0-E5233250F335}.Windows|Any CPU.ActiveCfg = Windows|Any CPU
		{55E0B9C1-DA8A-4FD9-BBF0-E5233250F335}.Windows|Any CPU.Build.0 = Windows|Any CPU
		{55E0B9C1-DA8A-4FD9-BBF0-E5233250F335}.Windows|Mixed Platforms.ActiveCfg = Windows|Any CPU
		{55E0B9C1-DA8A-4FD9-BBF0-E5233250F335}.Windows|Mixed Platforms.Build.0 = Windows|Any CPU
		{55E0B9C1-DA8A-4FD9-BBF0-E5233250F335}.Windows|x86.ActiveCfg = Windows|Any CPU
		{55E0B9C1-DA8A-4FD9-BBF0-E5233250F335}.Windows8|Any CPU.ActiveCfg = Windows8|Any CPU
		{55E0B9C1-DA8A-4FD9-BBF0-E5233250F335}.Windows8|Any CPU.Build.0 = Windows8|Any CPU
		{55E0B9C1-DA8A-4FD9-BBF0-E5233250F335}.Windows8|Mixed Platforms.ActiveCfg = Windows8|Any CPU
		{55E0B9C1-DA8A-4FD9-BBF0-E5233250F335}.Windows8|Mixed Platforms.Build.0 = Windows8|Any CPU
		{55E0B9C1-DA8A-4FD9-BBF0-E5233250F335}.Windows8|x86.ActiveCfg = Windows8|Any CPU
		{B2E03E54-BBFD-4C2D-993F-606084DA264E}.Android|Any CPU.ActiveCfg = Android|Any CPU
		{B2E03E54-BBFD-4C2D-993F-606084DA264E}.Android|Mixed Platforms.ActiveCfg = Android|Any CPU
		{B2E03E54-BBFD-4C2D-993F-606084DA264E}.Android|x86.ActiveCfg = Android|Any CPU
		{B2E03E54-BBFD-4C2D-993F-606084DA264E}.Debug|Any CPU.ActiveCfg = PSM|Any CPU
		{B2E03E54-BBFD-4C2D-993F-606084DA264E}.Debug|Mixed Platforms.ActiveCfg = PSM|Any CPU
		{B2E03E54-BBFD-4C2D-993F-606084DA264E}.Debug|x86.ActiveCfg = PSM|Any CPU
		{B2E03E54-BBFD-4C2D-993F-606084DA264E}.iOS|Any CPU.ActiveCfg = iOS|Any CPU
		{B2E03E54-BBFD-4C2D-993F-606084DA264E}.iOS|Mixed Platforms.ActiveCfg = iOS|Any CPU
		{B2E03E54-BBFD-4C2D-993F-606084DA264E}.iOS|x86.ActiveCfg = iOS|Any CPU
		{B2E03E54-BBFD-4C2D-993F-606084DA264E}.Linux|Any CPU.ActiveCfg = Linux|Any CPU
		{B2E03E54-BBFD-4C2D-993F-606084DA264E}.Linux|Mixed Platforms.ActiveCfg = Linux|Any CPU
		{B2E03E54-BBFD-4C2D-993F-606084DA264E}.Linux|x86.ActiveCfg = Linux|Any CPU
		{B2E03E54-BBFD-4C2D-993F-606084DA264E}.OSX|Any CPU.ActiveCfg = OSX|Any CPU
		{B2E03E54-BBFD-4C2D-993F-606084DA264E}.OSX|Mixed Platforms.ActiveCfg = OSX|Any CPU
		{B2E03E54-BBFD-4C2D-993F-606084DA264E}.OSX|x86.ActiveCfg = OSX|Any CPU
		{B2E03E54-BBFD-4C2D-993F-606084DA264E}.PSM|Any CPU.ActiveCfg = PSM|Any CPU
		{B2E03E54-BBFD-4C2D-993F-606084DA264E}.PSM|Mixed Platforms.ActiveCfg = PSM|Any CPU
		{B2E03E54-BBFD-4C2D-993F-606084DA264E}.PSM|x86.ActiveCfg = PSM|Any CPU
		{B2E03E54-BBFD-4C2D-993F-606084DA264E}.Release|Any CPU.ActiveCfg = PSM|Any CPU
		{B2E03E54-BBFD-4C2D-993F-606084DA264E}.Release|Mixed Platforms.ActiveCfg = PSM|Any CPU
		{B2E03E54-BBFD-4C2D-993F-606084DA264E}.Release|x86.ActiveCfg = PSM|Any CPU
		{B2E03E54-BBFD-4C2D-993F-606084DA264E}.Windows|Any CPU.ActiveCfg = Windows|Any CPU
		{B2E03E54-BBFD-4C2D-993F-606084DA264E}.Windows|Mixed Platforms.ActiveCfg = Windows|Any CPU
		{B2E03E54-BBFD-4C2D-993F-606084DA264E}.Windows|x86.ActiveCfg = Windows|Any CPU
		{B2E03E54-BBFD-4C2D-993F-606084DA264E}.Windows8|Any CPU.ActiveCfg = Windows8|Any CPU
		{B2E03E54-BBFD-4C2D-993F-606084DA264E}.Windows8|Mixed Platforms.ActiveCfg = Windows8|Any CPU
		{B2E03E54-BBFD-4C2D-993F-606084DA264E}.Windows8|x86.ActiveCfg = Windows8|Any CPU
	EndGlobalSection
	GlobalSection(SolutionProperties) = preSolution
		HideSolutionNode = FALSE
	EndGlobalSection
EndGlobal
